
Microsoft Visual Studio Solution File, Format Version 12.00
# Visual Studio Version 16
VisualStudioVersion = 16.0.30804.86
MinimumVisualStudioVersion = 10.0.40219.1
Project("{FAE04EC0-301F-11D3-BF4B-00C04F79EFBC}") = "Mausbach_Project7", "Mausbach_Project7\Mausbach_Project7.csproj", "{F98E49CF-6759-4F6E-8E2D-1DFE274DE560}"
EndProject
Global
	GlobalSection(SolutionConfigurationPlatforms) = preSolution
		Debug|Any CPU = Debug|Any CPU
		Release|Any CPU = Release|Any CPU
	EndGlobalSection
	GlobalSection(ProjectConfigurationPlatforms) = postSolution
		{F98E49CF-6759-4F6E-8E2D-1DFE274DE560}.Debug|Any CPU.ActiveCfg = Debug|Any CPU
		{F98E49CF-6759-4F6E-8E2D-1DFE274DE560}.Debug|Any CPU.Build.0 = Debug|Any CPU
		{F98E49CF-6759-4F6E-8E2D-1DFE274DE560}.Release|Any CPU.ActiveCfg = Release|Any CPU
		{F98E49CF-6759-4F6E-8E2D-1DFE274DE560}.Release|Any CPU.Build.0 = Release|Any CPU
	EndGlobalSection
	GlobalSection(SolutionProperties) = preSolution
		HideSolutionNode = FALSE
	EndGlobalSection
	GlobalSection(ExtensibilityGlobals) = postSolution
		SolutionGuid = {E9094567-F75F-4FDF-A04B-DD457627F35E}
	EndGlobalSection
EndGlobal
